
Microsoft Visual Studio Solution File, Format Version 12.00
# Visual Studio Version 17
VisualStudioVersion = 17.6.33723.286
MinimumVisualStudioVersion = 10.0.40219.1
Project("{9A19103F-16F7-4668-BE54-9A1E7A4F7556}") = "Poc-ReactProgressive-EDI", "Poc-ReactProgressive-EDI\Poc-ReactProgressive-EDI.csproj", "{88B44E0E-CC43-43D9-A9C1-D549C1AEB5A8}"
EndProject
Global
	GlobalSection(SolutionConfigurationPlatforms) = preSolution
		Debug|Any CPU = Debug|Any CPU
		Release|Any CPU = Release|Any CPU
	EndGlobalSection
	GlobalSection(ProjectConfigurationPlatforms) = postSolution
		{88B44E0E-CC43-43D9-A9C1-D549C1AEB5A8}.Debug|Any CPU.ActiveCfg = Debug|Any CPU
		{88B44E0E-CC43-43D9-A9C1-D549C1AEB5A8}.Debug|Any CPU.Build.0 = Debug|Any CPU
		{88B44E0E-CC43-43D9-A9C1-D549C1AEB5A8}.Release|Any CPU.ActiveCfg = Release|Any CPU
		{88B44E0E-CC43-43D9-A9C1-D549C1AEB5A8}.Release|Any CPU.Build.0 = Release|Any CPU
	EndGlobalSection
	GlobalSection(SolutionProperties) = preSolution
		HideSolutionNode = FALSE
	EndGlobalSection
	GlobalSection(ExtensibilityGlobals) = postSolution
		SolutionGuid = {4557A155-2D54-4E23-BDF7-D270B50B746D}
	EndGlobalSection
EndGlobal
